
Microsoft Visual Studio Solution File, Format Version 12.00
# Visual Studio Version 17
VisualStudioVersion = 17.4.33110.190
MinimumVisualStudioVersion = 10.0.40219.1
Project("{FAE04EC0-301F-11D3-BF4B-00C04F79EFBC}") = "EmployeeAPI", "EmployeeAPI\EmployeeAPI.csproj", "{CABFE43B-D52E-46CE-8937-4538DD1446FB}"
EndProject
Global
	GlobalSection(SolutionConfigurationPlatforms) = preSolution
		Debug|Any CPU = Debug|Any CPU
		Release|Any CPU = Release|Any CPU
	EndGlobalSection
	GlobalSection(ProjectConfigurationPlatforms) = postSolution
		{CABFE43B-D52E-46CE-8937-4538DD1446FB}.Debug|Any CPU.ActiveCfg = Debug|Any CPU
		{CABFE43B-D52E-46CE-8937-4538DD1446FB}.Debug|Any CPU.Build.0 = Debug|Any CPU
		{CABFE43B-D52E-46CE-8937-4538DD1446FB}.Release|Any CPU.ActiveCfg = Release|Any CPU
		{CABFE43B-D52E-46CE-8937-4538DD1446FB}.Release|Any CPU.Build.0 = Release|Any CPU
	EndGlobalSection
	GlobalSection(SolutionProperties) = preSolution
		HideSolutionNode = FALSE
	EndGlobalSection
	GlobalSection(ExtensibilityGlobals) = postSolution
		SolutionGuid = {BAE0BC68-D513-497F-9DDA-97BE0227C55C}
	EndGlobalSection
EndGlobal
